
Microsoft Visual Studio Solution File, Format Version 12.00
# Visual Studio Version 17
VisualStudioVersion = 17.8.34316.72
MinimumVisualStudioVersion = 10.0.40219.1
Project("{FAE04EC0-301F-11D3-BF4B-00C04F79EFBC}") = "WindowsCredentialStoreTestClient", "WindowsCredentialStoreTestClient\WindowsCredentialStoreTestClient.csproj", "{03912D2E-A41F-4E86-9D42-B1C130527183}"
EndProject
Global
	GlobalSection(SolutionConfigurationPlatforms) = preSolution
		Debug|Any CPU = Debug|Any CPU
		Release|Any CPU = Release|Any CPU
	EndGlobalSection
	GlobalSection(ProjectConfigurationPlatforms) = postSolution
		{03912D2E-A41F-4E86-9D42-B1C130527183}.Debug|Any CPU.ActiveCfg = Debug|Any CPU
		{03912D2E-A41F-4E86-9D42-B1C130527183}.Debug|Any CPU.Build.0 = Debug|Any CPU
		{03912D2E-A41F-4E86-9D42-B1C130527183}.Release|Any CPU.ActiveCfg = Release|Any CPU
		{03912D2E-A41F-4E86-9D42-B1C130527183}.Release|Any CPU.Build.0 = Release|Any CPU
	EndGlobalSection
	GlobalSection(SolutionProperties) = preSolution
		HideSolutionNode = FALSE
	EndGlobalSection
	GlobalSection(ExtensibilityGlobals) = postSolution
		SolutionGuid = {F00EA50C-B350-4607-AAFF-08C885213C59}
	EndGlobalSection
EndGlobal
