
Microsoft Visual Studio Solution File, Format Version 12.00
# Visual Studio Version 17
VisualStudioVersion = 17.0.32126.317
MinimumVisualStudioVersion = 10.0.40219.1
Project("{FAE04EC0-301F-11D3-BF4B-00C04F79EFBC}") = "DemoSpecificCharecterSet", "DemoSpecificCharecterSet\DemoSpecificCharecterSet.csproj", "{F536B12F-4F87-4143-BE71-533185AB57B4}"
EndProject
Global
	GlobalSection(SolutionConfigurationPlatforms) = preSolution
		Debug|Any CPU = Debug|Any CPU
		Release|Any CPU = Release|Any CPU
	EndGlobalSection
	GlobalSection(ProjectConfigurationPlatforms) = postSolution
		{F536B12F-4F87-4143-BE71-533185AB57B4}.Debug|Any CPU.ActiveCfg = Debug|Any CPU
		{F536B12F-4F87-4143-BE71-533185AB57B4}.Debug|Any CPU.Build.0 = Debug|Any CPU
		{F536B12F-4F87-4143-BE71-533185AB57B4}.Release|Any CPU.ActiveCfg = Release|Any CPU
		{F536B12F-4F87-4143-BE71-533185AB57B4}.Release|Any CPU.Build.0 = Release|Any CPU
	EndGlobalSection
	GlobalSection(SolutionProperties) = preSolution
		HideSolutionNode = FALSE
	EndGlobalSection
	GlobalSection(ExtensibilityGlobals) = postSolution
		SolutionGuid = {D7155B38-5204-41F5-8582-7598F2386319}
	EndGlobalSection
EndGlobal
