
Microsoft Visual Studio Solution File, Format Version 12.00
# Visual Studio Version 17
VisualStudioVersion = 17.0.32126.317
MinimumVisualStudioVersion = 10.0.40219.1
Project("{9A19103F-16F7-4668-BE54-9A1E7A4F7556}") = "WeatherForecast", "WeatherForecast\WeatherForecast.csproj", "{0E39C387-23E8-4191-BD1A-669AAF2B85AA}"
EndProject
Project("{FAE04EC0-301F-11D3-BF4B-00C04F79EFBC}") = "ClientApp", "ClientApp\ClientApp.csproj", "{3E8B9807-92E5-438E-A3F3-69D1CEE310DC}"
EndProject
Global
	GlobalSection(SolutionConfigurationPlatforms) = preSolution
		Debug|Any CPU = Debug|Any CPU
		Release|Any CPU = Release|Any CPU
	EndGlobalSection
	GlobalSection(ProjectConfigurationPlatforms) = postSolution
		{0E39C387-23E8-4191-BD1A-669AAF2B85AA}.Debug|Any CPU.ActiveCfg = Debug|Any CPU
		{0E39C387-23E8-4191-BD1A-669AAF2B85AA}.Debug|Any CPU.Build.0 = Debug|Any CPU
		{0E39C387-23E8-4191-BD1A-669AAF2B85AA}.Release|Any CPU.ActiveCfg = Release|Any CPU
		{0E39C387-23E8-4191-BD1A-669AAF2B85AA}.Release|Any CPU.Build.0 = Release|Any CPU
		{3E8B9807-92E5-438E-A3F3-69D1CEE310DC}.Debug|Any CPU.ActiveCfg = Debug|Any CPU
		{3E8B9807-92E5-438E-A3F3-69D1CEE310DC}.Debug|Any CPU.Build.0 = Debug|Any CPU
		{3E8B9807-92E5-438E-A3F3-69D1CEE310DC}.Release|Any CPU.ActiveCfg = Release|Any CPU
		{3E8B9807-92E5-438E-A3F3-69D1CEE310DC}.Release|Any CPU.Build.0 = Release|Any CPU
	EndGlobalSection
	GlobalSection(SolutionProperties) = preSolution
		HideSolutionNode = FALSE
	EndGlobalSection
	GlobalSection(ExtensibilityGlobals) = postSolution
		SolutionGuid = {819D6D1C-EB82-42D0-9CA5-06EC73976F1B}
	EndGlobalSection
EndGlobal
