
Microsoft Visual Studio Solution File, Format Version 12.00
# Visual Studio Version 16
VisualStudioVersion = 16.0.31112.23
MinimumVisualStudioVersion = 10.0.40219.1
Project("{FAE04EC0-301F-11D3-BF4B-00C04F79EFBC}") = "DataserverClient", "DataserverClient\DataserverClient.csproj", "{6474D9A2-3A76-482B-BFA9-98EBA82FCD5B}"
EndProject
Global
	GlobalSection(SolutionConfigurationPlatforms) = preSolution
		Debug|Any CPU = Debug|Any CPU
		Debug|x64 = Debug|x64
		Release|Any CPU = Release|Any CPU
		Release|x64 = Release|x64
	EndGlobalSection
	GlobalSection(ProjectConfigurationPlatforms) = postSolution
		{6474D9A2-3A76-482B-BFA9-98EBA82FCD5B}.Debug|Any CPU.ActiveCfg = Debug|Any CPU
		{6474D9A2-3A76-482B-BFA9-98EBA82FCD5B}.Debug|Any CPU.Build.0 = Debug|Any CPU
		{6474D9A2-3A76-482B-BFA9-98EBA82FCD5B}.Debug|x64.ActiveCfg = Debug|x64
		{6474D9A2-3A76-482B-BFA9-98EBA82FCD5B}.Debug|x64.Build.0 = Debug|x64
		{6474D9A2-3A76-482B-BFA9-98EBA82FCD5B}.Release|Any CPU.ActiveCfg = Release|Any CPU
		{6474D9A2-3A76-482B-BFA9-98EBA82FCD5B}.Release|Any CPU.Build.0 = Release|Any CPU
		{6474D9A2-3A76-482B-BFA9-98EBA82FCD5B}.Release|x64.ActiveCfg = Release|x64
		{6474D9A2-3A76-482B-BFA9-98EBA82FCD5B}.Release|x64.Build.0 = Release|x64
	EndGlobalSection
	GlobalSection(SolutionProperties) = preSolution
		HideSolutionNode = FALSE
	EndGlobalSection
	GlobalSection(ExtensibilityGlobals) = postSolution
		SolutionGuid = {4A203D96-E4A9-4D84-96F4-4C3E649D6C9F}
	EndGlobalSection
EndGlobal
